<?xml version="1.0" encoding="utf-8"?>
<Project ToolsVersion="4.0" xmlns="http://schemas.microsoft.com/developer/msbuild/2003">
  <ItemGroup>
    <Filter Include="Source Files">
      <UniqueIdentifier>{4FC737F1-C7A5-4376-A066-2A32D752A2FF}</UniqueIdentifier>
      <Extensions>cpp;c;cc;cxx;def;odl;idl;hpj;bat;asm;asmx</Extensions>
    </Filter>
    <Filter Include="Header Files">
      <UniqueIdentifier>{93995380-89BD-4b04-88EB-625FBE52EBFB}</UniqueIdentifier>
      <Extensions>h;hpp;hxx;hm;inl;inc;xsd</Extensions>
    </Filter>
    <Filter Include="Resource Files">
      <UniqueIdentifier>{67DA6AB6-F800-4c08-8B7A-83BB121AAD01}</UniqueIdentifier>
      <Extensions>rc;ico;cur;bmp;dlg;rc2;rct;bin;rgs;gif;jpg;jpeg;jpe;resx;tiff;tif;png;wav</Extensions>
    </Filter>
    <Filter Include="Blocks">
      <UniqueIdentifier>{538ccd39-8011-430c-81f8-b382fa5343c3}</UniqueIdentifier>
    </Filter>
    <Filter Include="Blocks\Cinder-Text">
      <UniqueIdentifier>{d9ca9fea-9c1a-4913-b033-2247774a22d3}</UniqueIdentifier>
    </Filter>
    <Filter Include="Blocks\Cinder-Text\cinder">
      <UniqueIdentifier>{62c1d029-ecae-44b5-b297-05be210f230a}</UniqueIdentifier>
    </Filter>
    <Filter Include="Blocks\Cinder-Text\cinder\text">
      <UniqueIdentifier>{bfa52d2b-5284-4ce7-b59f-ac3e76d66998}</UniqueIdentifier>
    </Filter>
    <Filter Include="Blocks\Cinder-Text\cinder\text\gl">
      <UniqueIdentifier>{312e9cd3-86cc-4a02-a415-9d8d12e5d062}</UniqueIdentifier>
    </Filter>
  </ItemGroup>
  <ItemGroup>
    <ClCompile Include="..\src\TextureFontApp.cpp">
      <Filter>Source Files</Filter>
    </ClCompile>
    <ClCompile Include="..\src\TextureFontApp.cpp">
      <Filter>Source Files</Filter>
    </ClCompile>
    <ClInclude Include="..\include\Resources.h">
      <Filter>Header Files</Filter>
    </ClInclude>
    <ClCompile Include="..\..\..\src\cinder\text\AttributedString.cpp">
      <Filter>Blocks\Cinder-Text\cinder\text</Filter>
    </ClCompile>
    <ClCompile Include="..\..\..\src\cinder\text\Font.cpp">
      <Filter>Blocks\Cinder-Text\cinder\text</Filter>
    </ClCompile>
    <ClCompile Include="..\..\..\src\cinder\text\FontManager.cpp">
      <Filter>Blocks\Cinder-Text\cinder\text</Filter>
    </ClCompile>
    <ClCompile Include="..\..\..\src\cinder\text\Shaper.cpp">
      <Filter>Blocks\Cinder-Text\cinder\text</Filter>
    </ClCompile>
    <ClCompile Include="..\..\..\src\cinder\text\SystemFonts.cpp">
      <Filter>Blocks\Cinder-Text\cinder\text</Filter>
    </ClCompile>
    <ClCompile Include="..\..\..\src\cinder\text\TextBox.cpp">
      <Filter>Blocks\Cinder-Text\cinder\text</Filter>
    </ClCompile>
    <ClCompile Include="..\..\..\src\cinder\text\TextLayout.cpp">
      <Filter>Blocks\Cinder-Text\cinder\text</Filter>
    </ClCompile>
    <ClCompile Include="..\..\..\src\cinder\text\gl\TextureRenderer.cpp">
      <Filter>Blocks\Cinder-Text\cinder\text\gl</Filter>
    </ClCompile>
    <ClCompile Include="..\..\..\src\cinder\text\TextureFont.cpp">
      <Filter>Blocks\Cinder-Text\cinder\text</Filter>
    </ClCompile>
  </ItemGroup>
  <ItemGroup>
    <ClInclude Include="..\include\Resources.h">
      <Filter>Header Files</Filter>
    </ClInclude>
    <ClInclude Include="..\..\..\src\cinder\text\AttributedString.h">
      <Filter>Blocks\Cinder-Text\cinder\text</Filter>
    </ClInclude>
    <ClInclude Include="..\..\..\src\cinder\text\Font.h">
      <Filter>Blocks\Cinder-Text\cinder\text</Filter>
    </ClInclude>
    <ClInclude Include="..\..\..\src\cinder\text\FontManager.h">
      <Filter>Blocks\Cinder-Text\cinder\text</Filter>
    </ClInclude>
    <ClInclude Include="..\..\..\src\cinder\text\Shaper.h">
      <Filter>Blocks\Cinder-Text\cinder\text</Filter>
    </ClInclude>
    <ClInclude Include="..\..\..\src\cinder\text\SystemFonts.h">
      <Filter>Blocks\Cinder-Text\cinder\text</Filter>
    </ClInclude>
    <ClInclude Include="..\..\..\src\cinder\text\TextBox.h">
      <Filter>Blocks\Cinder-Text\cinder\text</Filter>
    </ClInclude>
    <ClInclude Include="..\..\..\src\cinder\text\TextLayout.h">
      <Filter>Blocks\Cinder-Text\cinder\text</Filter>
    </ClInclude>
    <ClInclude Include="..\..\..\src\cinder\text\TextRenderer.h">
      <Filter>Blocks\Cinder-Text\cinder\text</Filter>
    </ClInclude>
    <ClInclude Include="..\..\..\src\cinder\text\TextUnits.h">
      <Filter>Blocks\Cinder-Text\cinder\text</Filter>
    </ClInclude>
    <ClInclude Include="..\..\..\src\cinder\text\gl\TextureRenderer.h">
      <Filter>Blocks\Cinder-Text\cinder\text\gl</Filter>
    </ClInclude>
    <ClInclude Include="..\..\..\src\cinder\text\TextureFont.h">
      <Filter>Blocks\Cinder-Text\cinder\text</Filter>
    </ClInclude>
  </ItemGroup>
  <ItemGroup>
    <ResourceCompile Include="Resources.rc">
      <Filter>Resource Files</Filter>
    </ResourceCompile>
  </ItemGroup>
</Project>